
Microsoft Visual Studio Solution File, Format Version 12.00
# Visual Studio Version 16
VisualStudioVersion = 16.0.32602.291
MinimumVisualStudioVersion = 10.0.40219.1
Project("{FAE04EC0-301F-11D3-BF4B-00C04F79EFBC}") = "MyFormsApp_ILMerge", "MyFormsApp_ILMerge\MyFormsApp_ILMerge.csproj", "{4418E176-F933-4EFA-86BE-5ECCD7844A77}"
EndProject
Project("{FAE04EC0-301F-11D3-BF4B-00C04F79EFBC}") = "MyFormsApp_ILMerge.Documents.Factories", "MyFormsApp_ILMerge.Documents.Factories\MyFormsApp_ILMerge.Documents.Factories.csproj", "{C4BEF704-7F21-42A8-9EE7-8AF8ECF93B3C}"
EndProject
Project("{FAE04EC0-301F-11D3-BF4B-00C04F79EFBC}") = "MyFormsApp_ILMerge.Documents.Interfaces", "MyFormsApp_ILMerge.Documents.Interfaces\MyFormsApp_ILMerge.Documents.Interfaces.csproj", "{18DAA8D8-27D5-4CA9-9A63-BD7917BEF06A}"
EndProject
Project("{FAE04EC0-301F-11D3-BF4B-00C04F79EFBC}") = "MyFormsApp_ILMerge.Documents", "MyFormsApp_ILMerge.Documents\MyFormsApp_ILMerge.Documents.csproj", "{35B960CB-B356-4820-894A-EFC56BEE6EAA}"
EndProject
Project("{FAE04EC0-301F-11D3-BF4B-00C04F79EFBC}") = "MyFormsApp_ILMerge.Models.Interfaces", "MyFormsApp_ILMerge.Models.Interfaces\MyFormsApp_ILMerge.Models.Interfaces.csproj", "{6CCC575E-5C71-4BD2-AE81-6DD3A85DD75E}"
EndProject
Project("{FAE04EC0-301F-11D3-BF4B-00C04F79EFBC}") = "MyFormsApp_ILMerge.Models.Constants", "MyFormsApp_ILMerge.Models.Constants\MyFormsApp_ILMerge.Models.Constants.csproj", "{328E5CA6-7630-46A1-886C-7EE83B6D6186}"
EndProject
Project("{FAE04EC0-301F-11D3-BF4B-00C04F79EFBC}") = "MyFormsApp_ILMerge.Models", "MyFormsApp_ILMerge.Models\MyFormsApp_ILMerge.Models.csproj", "{5A3DF750-10BB-45DE-83B6-E07E31D4F788}"
EndProject
Project("{FAE04EC0-301F-11D3-BF4B-00C04F79EFBC}") = "MyFormsApp_ILMerge.Models.Factories", "MyFormsApp_ILMerge.Models.Factories\MyFormsApp_ILMerge.Models.Factories.csproj", "{F3939AE2-F9B1-4FD9-A966-BC2E1E9D95AA}"
EndProject
Global
	GlobalSection(SolutionConfigurationPlatforms) = preSolution
		Debug|Any CPU = Debug|Any CPU
		Release|Any CPU = Release|Any CPU
	EndGlobalSection
	GlobalSection(ProjectConfigurationPlatforms) = postSolution
		{4418E176-F933-4EFA-86BE-5ECCD7844A77}.Debug|Any CPU.ActiveCfg = Debug|Any CPU
		{4418E176-F933-4EFA-86BE-5ECCD7844A77}.Debug|Any CPU.Build.0 = Debug|Any CPU
		{4418E176-F933-4EFA-86BE-5ECCD7844A77}.Release|Any CPU.ActiveCfg = Release|Any CPU
		{4418E176-F933-4EFA-86BE-5ECCD7844A77}.Release|Any CPU.Build.0 = Release|Any CPU
		{C4BEF704-7F21-42A8-9EE7-8AF8ECF93B3C}.Debug|Any CPU.ActiveCfg = Debug|Any CPU
		{C4BEF704-7F21-42A8-9EE7-8AF8ECF93B3C}.Debug|Any CPU.Build.0 = Debug|Any CPU
		{C4BEF704-7F21-42A8-9EE7-8AF8ECF93B3C}.Release|Any CPU.ActiveCfg = Release|Any CPU
		{C4BEF704-7F21-42A8-9EE7-8AF8ECF93B3C}.Release|Any CPU.Build.0 = Release|Any CPU
		{18DAA8D8-27D5-4CA9-9A63-BD7917BEF06A}.Debug|Any CPU.ActiveCfg = Debug|Any CPU
		{18DAA8D8-27D5-4CA9-9A63-BD7917BEF06A}.Debug|Any CPU.Build.0 = Debug|Any CPU
		{18DAA8D8-27D5-4CA9-9A63-BD7917BEF06A}.Release|Any CPU.ActiveCfg = Release|Any CPU
		{18DAA8D8-27D5-4CA9-9A63-BD7917BEF06A}.Release|Any CPU.Build.0 = Release|Any CPU
		{35B960CB-B356-4820-894A-EFC56BEE6EAA}.Debug|Any CPU.ActiveCfg = Debug|Any CPU
		{35B960CB-B356-4820-894A-EFC56BEE6EAA}.Debug|Any CPU.Build.0 = Debug|Any CPU
		{35B960CB-B356-4820-894A-EFC56BEE6EAA}.Release|Any CPU.ActiveCfg = Release|Any CPU
		{35B960CB-B356-4820-894A-EFC56BEE6EAA}.Release|Any CPU.Build.0 = Release|Any CPU
		{6CCC575E-5C71-4BD2-AE81-6DD3A85DD75E}.Debug|Any CPU.ActiveCfg = Debug|Any CPU
		{6CCC575E-5C71-4BD2-AE81-6DD3A85DD75E}.Debug|Any CPU.Build.0 = Debug|Any CPU
		{6CCC575E-5C71-4BD2-AE81-6DD3A85DD75E}.Release|Any CPU.ActiveCfg = Release|Any CPU
		{6CCC575E-5C71-4BD2-AE81-6DD3A85DD75E}.Release|Any CPU.Build.0 = Release|Any CPU
		{328E5CA6-7630-46A1-886C-7EE83B6D6186}.Debug|Any CPU.ActiveCfg = Debug|Any CPU
		{328E5CA6-7630-46A1-886C-7EE83B6D6186}.Debug|Any CPU.Build.0 = Debug|Any CPU
		{328E5CA6-7630-46A1-886C-7EE83B6D6186}.Release|Any CPU.ActiveCfg = Release|Any CPU
		{328E5CA6-7630-46A1-886C-7EE83B6D6186}.Release|Any CPU.Build.0 = Release|Any CPU
		{5A3DF750-10BB-45DE-83B6-E07E31D4F788}.Debug|Any CPU.ActiveCfg = Debug|Any CPU
		{5A3DF750-10BB-45DE-83B6-E07E31D4F788}.Debug|Any CPU.Build.0 = Debug|Any CPU
		{5A3DF750-10BB-45DE-83B6-E07E31D4F788}.Release|Any CPU.ActiveCfg = Release|Any CPU
		{5A3DF750-10BB-45DE-83B6-E07E31D4F788}.Release|Any CPU.Build.0 = Release|Any CPU
		{F3939AE2-F9B1-4FD9-A966-BC2E1E9D95AA}.Debug|Any CPU.ActiveCfg = Debug|Any CPU
		{F3939AE2-F9B1-4FD9-A966-BC2E1E9D95AA}.Debug|Any CPU.Build.0 = Debug|Any CPU
		{F3939AE2-F9B1-4FD9-A966-BC2E1E9D95AA}.Release|Any CPU.ActiveCfg = Release|Any CPU
		{F3939AE2-F9B1-4FD9-A966-BC2E1E9D95AA}.Release|Any CPU.Build.0 = Release|Any CPU
	EndGlobalSection
	GlobalSection(SolutionProperties) = preSolution
		HideSolutionNode = FALSE
	EndGlobalSection
	GlobalSection(ExtensibilityGlobals) = postSolution
		SolutionGuid = {2FCC470E-8E70-4610-853D-50E37C933A0A}
	EndGlobalSection
EndGlobal
