Microsoft Visual Studio Solution File, Format Version 12.00
# Visual Studio Version 16
VisualStudioVersion = 16.0.34601.136
MinimumVisualStudioVersion = 10.0.40219.1
Project("{FAE04EC0-301F-11D3-BF4B-00C04F79EFBC}") = "MyFormsApp_ILMerge", "MyFormsApp_ILMerge\MyFormsApp_ILMerge.csproj", "{4418E176-F933-4EFA-86BE-5ECCD7844A77}"
EndProject
Project("{FAE04EC0-301F-11D3-BF4B-00C04F79EFBC}") = "MyFormsApp_ILMerge.Documents.Factories", "MyFormsApp_ILMerge.Documents.Factories\MyFormsApp_ILMerge.Documents.Factories.csproj", "{C4BEF704-7F21-42A8-9EE7-8AF8ECF93B3C}"
EndProject
Project("{FAE04EC0-301F-11D3-BF4B-00C04F79EFBC}") = "MyFormsApp_ILMerge.Documents.Interfaces", "MyFormsApp_ILMerge.Documents.Interfaces\MyFormsApp_ILMerge.Documents.Interfaces.csproj", "{18DAA8D8-27D5-4CA9-9A63-BD7917BEF06A}"
EndProject
Project("{FAE04EC0-301F-11D3-BF4B-00C04F79EFBC}") = "MyFormsApp_ILMerge.Documents", "MyFormsApp_ILMerge.Documents\MyFormsApp_ILMerge.Documents.csproj", "{35B960CB-B356-4820-894A-EFC56BEE6EAA}"
EndProject
Project("{FAE04EC0-301F-11D3-BF4B-00C04F79EFBC}") = "MyFormsApp_ILMerge.Models.Interfaces", "MyFormsApp_ILMerge.Models.Interfaces\MyFormsApp_ILMerge.Models.Interfaces.csproj", "{6CCC575E-5C71-4BD2-AE81-6DD3A85DD75E}"
EndProject
Project("{FAE04EC0-301F-11D3-BF4B-00C04F79EFBC}") = "MyFormsApp_ILMerge.Models.Constants", "MyFormsApp_ILMerge.Models.Constants\MyFormsApp_ILMerge.Models.Constants.csproj", "{328E5CA6-7630-46A1-886C-7EE83B6D6186}"
EndProject
Project("{FAE04EC0-301F-11D3-BF4B-00C04F79EFBC}") = "MyFormsApp_ILMerge.Models", "MyFormsApp_ILMerge.Models\MyFormsApp_ILMerge.Models.csproj", "{5A3DF750-10BB-45DE-83B6-E07E31D4F788}"
EndProject
Project("{FAE04EC0-301F-11D3-BF4B-00C04F79EFBC}") = "MyFormsApp_ILMerge.Models.Factories", "MyFormsApp_ILMerge.Models.Factories\MyFormsApp_ILMerge.Models.Factories.csproj", "{F3939AE2-F9B1-4FD9-A966-BC2E1E9D95AA}"
EndProject
Project("{FAE04EC0-301F-11D3-BF4B-00C04F79EFBC}") = "MyFormsApp_ILMerge.Documents.Constants", "MyFormsApp_ILMerge.Documents.Constants\MyFormsApp_ILMerge.Documents.Constants.csproj", "{A265AC0F-78F3-437F-9578-6F85195E570D}"
EndProject
Project("{FAE04EC0-301F-11D3-BF4B-00C04F79EFBC}") = "MyFormsApp_ILMerge.Documents.Events", "MyFormsApp_ILMerge.Documents.Events\MyFormsApp_ILMerge.Documents.Events.csproj", "{5BE333DD-A083-4626-A8CE-E1502B93FB09}"
EndProject
Project("{FAE04EC0-301F-11D3-BF4B-00C04F79EFBC}") = "Core.Logging.Events", "..\Core.Logging\Core.Logging.Events\Core.Logging.Events.csproj", "{3D09E304-2AFC-4B9D-8BF5-A0DF7991B1DA}"
EndProject
Project("{FAE04EC0-301F-11D3-BF4B-00C04F79EFBC}") = "Core.Logging.Constants", "..\Core.Logging\Core.Logging.Constants\Core.Logging.Constants.csproj", "{E8D0AF54-D988-44D8-8B33-5C034F188014}"
EndProject
Project("{FAE04EC0-301F-11D3-BF4B-00C04F79EFBC}") = "Core.Logging", "..\Core.Logging\Core.Logging\Core.Logging.csproj", "{0D198925-B01C-4DDE-A062-ED7D7BFD0FAA}"
EndProject
Project("{FAE04EC0-301F-11D3-BF4B-00C04F79EFBC}") = "Core.Extensions.Providers.Interfaces", "..\Core.Extensions\Core.Extensions.Providers.Interfaces\Core.Extensions.Providers.Interfaces.csproj", "{1A927747-537E-4341-83BD-8B3E093AB122}"
EndProject
Project("{FAE04EC0-301F-11D3-BF4B-00C04F79EFBC}") = "Core.Extensions.Providers.Factories", "..\Core.Extensions\Core.Extensions.Providers.Factories\Core.Extensions.Providers.Factories.csproj", "{1A76BC3B-0945-49DB-BD0B-EAAC19CA991C}"
EndProject
Project("{FAE04EC0-301F-11D3-BF4B-00C04F79EFBC}") = "Core.Extensions.Providers", "..\Core.Extensions\Core.Extensions.Providers\Core.Extensions.Providers.csproj", "{2CE9706F-500D-43FF-A0E6-C8C7DBDB83BD}"
EndProject
Project("{FAE04EC0-301F-11D3-BF4B-00C04F79EFBC}") = "Core.Extensions", "..\Core.Extensions\Core.Extensions\Core.Extensions.csproj", "{6B5FBEDD-C94A-4A11-883C-8FCB57458D57}"
EndProject
Project("{FAE04EC0-301F-11D3-BF4B-00C04F79EFBC}") = "Core.Assemblies.Info", "..\Core.Assemblies.Info.VS2019\Core.Assemblies.Info\Core.Assemblies.Info.csproj", "{69827DE2-40A0-4471-BBA8-E2211C7D5ED7}"
EndProject
Project("{FAE04EC0-301F-11D3-BF4B-00C04F79EFBC}") = "Core.Win32.Interact", "..\Core.Win32.Interact\Core.Win32.Interact\Core.Win32.Interact.csproj", "{9C2F7C24-51B4-4F98-AF2E-3A6BF12F5268}"
EndProject
Global
	GlobalSection(SolutionConfigurationPlatforms) = preSolution
		Debug|Any CPU = Debug|Any CPU
		Release|Any CPU = Release|Any CPU
	EndGlobalSection
	GlobalSection(ProjectConfigurationPlatforms) = postSolution
		{4418E176-F933-4EFA-86BE-5ECCD7844A77}.Debug|Any CPU.ActiveCfg = Debug|Any CPU
		{4418E176-F933-4EFA-86BE-5ECCD7844A77}.Debug|Any CPU.Build.0 = Debug|Any CPU
		{4418E176-F933-4EFA-86BE-5ECCD7844A77}.Release|Any CPU.ActiveCfg = Release|Any CPU
		{4418E176-F933-4EFA-86BE-5ECCD7844A77}.Release|Any CPU.Build.0 = Release|Any CPU
		{C4BEF704-7F21-42A8-9EE7-8AF8ECF93B3C}.Debug|Any CPU.ActiveCfg = Debug|Any CPU
		{C4BEF704-7F21-42A8-9EE7-8AF8ECF93B3C}.Debug|Any CPU.Build.0 = Debug|Any CPU
		{C4BEF704-7F21-42A8-9EE7-8AF8ECF93B3C}.Release|Any CPU.ActiveCfg = Release|Any CPU
		{C4BEF704-7F21-42A8-9EE7-8AF8ECF93B3C}.Release|Any CPU.Build.0 = Release|Any CPU
		{18DAA8D8-27D5-4CA9-9A63-BD7917BEF06A}.Debug|Any CPU.ActiveCfg = Debug|Any CPU
		{18DAA8D8-27D5-4CA9-9A63-BD7917BEF06A}.Debug|Any CPU.Build.0 = Debug|Any CPU
		{18DAA8D8-27D5-4CA9-9A63-BD7917BEF06A}.Release|Any CPU.ActiveCfg = Release|Any CPU
		{18DAA8D8-27D5-4CA9-9A63-BD7917BEF06A}.Release|Any CPU.Build.0 = Release|Any CPU
		{35B960CB-B356-4820-894A-EFC56BEE6EAA}.Debug|Any CPU.ActiveCfg = Debug|Any CPU
		{35B960CB-B356-4820-894A-EFC56BEE6EAA}.Debug|Any CPU.Build.0 = Debug|Any CPU
		{35B960CB-B356-4820-894A-EFC56BEE6EAA}.Release|Any CPU.ActiveCfg = Release|Any CPU
		{35B960CB-B356-4820-894A-EFC56BEE6EAA}.Release|Any CPU.Build.0 = Release|Any CPU
		{6CCC575E-5C71-4BD2-AE81-6DD3A85DD75E}.Debug|Any CPU.ActiveCfg = Debug|Any CPU
		{6CCC575E-5C71-4BD2-AE81-6DD3A85DD75E}.Debug|Any CPU.Build.0 = Debug|Any CPU
		{6CCC575E-5C71-4BD2-AE81-6DD3A85DD75E}.Release|Any CPU.ActiveCfg = Release|Any CPU
		{6CCC575E-5C71-4BD2-AE81-6DD3A85DD75E}.Release|Any CPU.Build.0 = Release|Any CPU
		{328E5CA6-7630-46A1-886C-7EE83B6D6186}.Debug|Any CPU.ActiveCfg = Debug|Any CPU
		{328E5CA6-7630-46A1-886C-7EE83B6D6186}.Debug|Any CPU.Build.0 = Debug|Any CPU
		{328E5CA6-7630-46A1-886C-7EE83B6D6186}.Release|Any CPU.ActiveCfg = Release|Any CPU
		{328E5CA6-7630-46A1-886C-7EE83B6D6186}.Release|Any CPU.Build.0 = Release|Any CPU
		{5A3DF750-10BB-45DE-83B6-E07E31D4F788}.Debug|Any CPU.ActiveCfg = Debug|Any CPU
		{5A3DF750-10BB-45DE-83B6-E07E31D4F788}.Debug|Any CPU.Build.0 = Debug|Any CPU
		{5A3DF750-10BB-45DE-83B6-E07E31D4F788}.Release|Any CPU.ActiveCfg = Release|Any CPU
		{5A3DF750-10BB-45DE-83B6-E07E31D4F788}.Release|Any CPU.Build.0 = Release|Any CPU
		{F3939AE2-F9B1-4FD9-A966-BC2E1E9D95AA}.Debug|Any CPU.ActiveCfg = Debug|Any CPU
		{F3939AE2-F9B1-4FD9-A966-BC2E1E9D95AA}.Debug|Any CPU.Build.0 = Debug|Any CPU
		{F3939AE2-F9B1-4FD9-A966-BC2E1E9D95AA}.Release|Any CPU.ActiveCfg = Release|Any CPU
		{F3939AE2-F9B1-4FD9-A966-BC2E1E9D95AA}.Release|Any CPU.Build.0 = Release|Any CPU
		{A265AC0F-78F3-437F-9578-6F85195E570D}.Debug|Any CPU.ActiveCfg = Debug|Any CPU
		{A265AC0F-78F3-437F-9578-6F85195E570D}.Debug|Any CPU.Build.0 = Debug|Any CPU
		{A265AC0F-78F3-437F-9578-6F85195E570D}.Release|Any CPU.ActiveCfg = Release|Any CPU
		{A265AC0F-78F3-437F-9578-6F85195E570D}.Release|Any CPU.Build.0 = Release|Any CPU
		{5BE333DD-A083-4626-A8CE-E1502B93FB09}.Debug|Any CPU.ActiveCfg = Debug|Any CPU
		{5BE333DD-A083-4626-A8CE-E1502B93FB09}.Debug|Any CPU.Build.0 = Debug|Any CPU
		{5BE333DD-A083-4626-A8CE-E1502B93FB09}.Release|Any CPU.ActiveCfg = Release|Any CPU
		{5BE333DD-A083-4626-A8CE-E1502B93FB09}.Release|Any CPU.Build.0 = Release|Any CPU
		{3D09E304-2AFC-4B9D-8BF5-A0DF7991B1DA}.Debug|Any CPU.ActiveCfg = Debug|Any CPU
		{3D09E304-2AFC-4B9D-8BF5-A0DF7991B1DA}.Debug|Any CPU.Build.0 = Debug|Any CPU
		{3D09E304-2AFC-4B9D-8BF5-A0DF7991B1DA}.Release|Any CPU.ActiveCfg = Release|Any CPU
		{3D09E304-2AFC-4B9D-8BF5-A0DF7991B1DA}.Release|Any CPU.Build.0 = Release|Any CPU
		{E8D0AF54-D988-44D8-8B33-5C034F188014}.Debug|Any CPU.ActiveCfg = Debug|Any CPU
		{E8D0AF54-D988-44D8-8B33-5C034F188014}.Debug|Any CPU.Build.0 = Debug|Any CPU
		{E8D0AF54-D988-44D8-8B33-5C034F188014}.Release|Any CPU.ActiveCfg = Release|Any CPU
		{E8D0AF54-D988-44D8-8B33-5C034F188014}.Release|Any CPU.Build.0 = Release|Any CPU
		{0D198925-B01C-4DDE-A062-ED7D7BFD0FAA}.Debug|Any CPU.ActiveCfg = Debug|Any CPU
		{0D198925-B01C-4DDE-A062-ED7D7BFD0FAA}.Debug|Any CPU.Build.0 = Debug|Any CPU
		{0D198925-B01C-4DDE-A062-ED7D7BFD0FAA}.Release|Any CPU.ActiveCfg = Release|Any CPU
		{0D198925-B01C-4DDE-A062-ED7D7BFD0FAA}.Release|Any CPU.Build.0 = Release|Any CPU
		{1A927747-537E-4341-83BD-8B3E093AB122}.Debug|Any CPU.ActiveCfg = Debug|Any CPU
		{1A927747-537E-4341-83BD-8B3E093AB122}.Debug|Any CPU.Build.0 = Debug|Any CPU
		{1A927747-537E-4341-83BD-8B3E093AB122}.Release|Any CPU.ActiveCfg = Release|Any CPU
		{1A927747-537E-4341-83BD-8B3E093AB122}.Release|Any CPU.Build.0 = Release|Any CPU
		{1A76BC3B-0945-49DB-BD0B-EAAC19CA991C}.Debug|Any CPU.ActiveCfg = Debug|Any CPU
		{1A76BC3B-0945-49DB-BD0B-EAAC19CA991C}.Debug|Any CPU.Build.0 = Debug|Any CPU
		{1A76BC3B-0945-49DB-BD0B-EAAC19CA991C}.Release|Any CPU.ActiveCfg = Release|Any CPU
		{1A76BC3B-0945-49DB-BD0B-EAAC19CA991C}.Release|Any CPU.Build.0 = Release|Any CPU
		{2CE9706F-500D-43FF-A0E6-C8C7DBDB83BD}.Debug|Any CPU.ActiveCfg = Debug|Any CPU
		{2CE9706F-500D-43FF-A0E6-C8C7DBDB83BD}.Debug|Any CPU.Build.0 = Debug|Any CPU
		{2CE9706F-500D-43FF-A0E6-C8C7DBDB83BD}.Release|Any CPU.ActiveCfg = Release|Any CPU
		{2CE9706F-500D-43FF-A0E6-C8C7DBDB83BD}.Release|Any CPU.Build.0 = Release|Any CPU
		{6B5FBEDD-C94A-4A11-883C-8FCB57458D57}.Debug|Any CPU.ActiveCfg = Debug|Any CPU
		{6B5FBEDD-C94A-4A11-883C-8FCB57458D57}.Debug|Any CPU.Build.0 = Debug|Any CPU
		{6B5FBEDD-C94A-4A11-883C-8FCB57458D57}.Release|Any CPU.ActiveCfg = Release|Any CPU
		{6B5FBEDD-C94A-4A11-883C-8FCB57458D57}.Release|Any CPU.Build.0 = Release|Any CPU
		{69827DE2-40A0-4471-BBA8-E2211C7D5ED7}.Debug|Any CPU.ActiveCfg = Debug|Any CPU
		{69827DE2-40A0-4471-BBA8-E2211C7D5ED7}.Debug|Any CPU.Build.0 = Debug|Any CPU
		{69827DE2-40A0-4471-BBA8-E2211C7D5ED7}.Release|Any CPU.ActiveCfg = Release|Any CPU
		{69827DE2-40A0-4471-BBA8-E2211C7D5ED7}.Release|Any CPU.Build.0 = Release|Any CPU
		{9C2F7C24-51B4-4F98-AF2E-3A6BF12F5268}.Debug|Any CPU.ActiveCfg = Debug|Any CPU
		{9C2F7C24-51B4-4F98-AF2E-3A6BF12F5268}.Debug|Any CPU.Build.0 = Debug|Any CPU
		{9C2F7C24-51B4-4F98-AF2E-3A6BF12F5268}.Release|Any CPU.ActiveCfg = Release|Any CPU
		{9C2F7C24-51B4-4F98-AF2E-3A6BF12F5268}.Release|Any CPU.Build.0 = Release|Any CPU
	EndGlobalSection
	GlobalSection(SolutionProperties) = preSolution
		HideSolutionNode = FALSE
	EndGlobalSection
	GlobalSection(ExtensibilityGlobals) = postSolution
		SolutionGuid = {2FCC470E-8E70-4610-853D-50E37C933A0A}
	EndGlobalSection
EndGlobal
